
Microsoft Visual Studio Solution File, Format Version 12.00
# Visual Studio Version 17
VisualStudioVersion = 17.1.32407.343
MinimumVisualStudioVersion = 10.0.40219.1
Project("{9A19103F-16F7-4668-BE54-9A1E7A4F7556}") = "Blazr.Clean", "Blazr.Clean\Blazr.Clean.csproj", "{A47EE092-9BFC-4AC9-87A0-E6DC3E4330E8}"
EndProject
Project("{2150E333-8FDC-42A3-9474-1A3956D46DE8}") = "Documents", "Documents", "{B7D0DEFF-ADC1-4F77-858B-9AE2DC2050BC}"
	ProjectSection(SolutionItems) = preProject
		Applications.md = Applications.md
		article.md = article.md
		Data.md = Data.md
		Design.md = Design.md
		readme.md = readme.md
		Routes-And-Components.md = Routes-And-Components.md
		Views.md = Views.md
	EndProjectSection
EndProject
Project("{9A19103F-16F7-4668-BE54-9A1E7A4F7556}") = "Blazr.Clean.Data", "Blazr.Clean.Data\Blazr.Clean.Data.csproj", "{EA1ADF4F-A9BC-436A-BF22-B16F7DD75718}"
EndProject
Project("{9A19103F-16F7-4668-BE54-9A1E7A4F7556}") = "Blazr.Clean.Core", "Blazr.Clean.Core\Blazr.Clean.Core.csproj", "{E8432FCE-AD43-4002-BDD4-74AAAAC64D77}"
EndProject
Project("{9A19103F-16F7-4668-BE54-9A1E7A4F7556}") = "Blazr.Clean.UI", "Blazr.Clean.UI\Blazr.Clean.UI.csproj", "{99B086CA-25A8-4353-A389-A401BD00C1CB}"
EndProject
Project("{9A19103F-16F7-4668-BE54-9A1E7A4F7556}") = "Blazr.Clean.Server.Web", "Blazr.Clean.Server.Web\Blazr.Clean.Server.Web.csproj", "{27EE65C8-9B61-4CEE-B3EE-B13BAD219C18}"
EndProject
Project("{9A19103F-16F7-4668-BE54-9A1E7A4F7556}") = "Blazr.Clean.WASM", "Blazr.Clean.WASM\Blazr.Clean.WASM.csproj", "{B5B6D76F-B445-4DBA-AC19-4B5ECF7213EF}"
EndProject
Project("{9A19103F-16F7-4668-BE54-9A1E7A4F7556}") = "Blazr.Clean.WASM.Web", "Blazr.Clean.WASM.Web\Blazr.Clean.WASM.Web.csproj", "{7E6DC760-E356-4F5F-9AA1-4344C4E3FE9E}"
EndProject
Project("{9A19103F-16F7-4668-BE54-9A1E7A4F7556}") = "Blazr.Clean.WASM.Dual", "Blazr.Clean.WASM.Dual\Blazr.Clean.WASM.Dual.csproj", "{722D8E12-6A67-49D1-9937-065B216701D5}"
EndProject
Project("{9A19103F-16F7-4668-BE54-9A1E7A4F7556}") = "Blazr.Clean.WASM.Configurations", "Blazr.Clean.WASM.Configurations\Blazr.Clean.WASM.Configurations.csproj", "{3396D467-8EC3-42C8-9863-9123C6F1B433}"
EndProject
Project("{9A19103F-16F7-4668-BE54-9A1E7A4F7556}") = "Blazr.Clean.Dual.Web", "Blazr.Clean.Dual.Web\Blazr.Clean.Dual.Web.csproj", "{D256ABB1-81E4-48F3-9B80-0FC6ACD9296C}"
EndProject
Project("{9A19103F-16F7-4668-BE54-9A1E7A4F7556}") = "Blazr.Clean.Server.Configurations", "Blazr.Clean.Server.Configurations\Blazr.Clean.Server.Configurations.csproj", "{1E493134-6E23-4810-8E3B-D2DD39657416}"
EndProject
Project("{9A19103F-16F7-4668-BE54-9A1E7A4F7556}") = "Blazr.Clean.Controllers", "Blazr.Clean.Controllers\Blazr.Clean.Controllers.csproj", "{8C996264-7E75-490E-B94A-3A3036714658}"
EndProject
Global
	GlobalSection(SolutionConfigurationPlatforms) = preSolution
		Debug|Any CPU = Debug|Any CPU
		Release|Any CPU = Release|Any CPU
	EndGlobalSection
	GlobalSection(ProjectConfigurationPlatforms) = postSolution
		{A47EE092-9BFC-4AC9-87A0-E6DC3E4330E8}.Debug|Any CPU.ActiveCfg = Debug|Any CPU
		{A47EE092-9BFC-4AC9-87A0-E6DC3E4330E8}.Debug|Any CPU.Build.0 = Debug|Any CPU
		{A47EE092-9BFC-4AC9-87A0-E6DC3E4330E8}.Release|Any CPU.ActiveCfg = Release|Any CPU
		{A47EE092-9BFC-4AC9-87A0-E6DC3E4330E8}.Release|Any CPU.Build.0 = Release|Any CPU
		{EA1ADF4F-A9BC-436A-BF22-B16F7DD75718}.Debug|Any CPU.ActiveCfg = Debug|Any CPU
		{EA1ADF4F-A9BC-436A-BF22-B16F7DD75718}.Debug|Any CPU.Build.0 = Debug|Any CPU
		{EA1ADF4F-A9BC-436A-BF22-B16F7DD75718}.Release|Any CPU.ActiveCfg = Release|Any CPU
		{EA1ADF4F-A9BC-436A-BF22-B16F7DD75718}.Release|Any CPU.Build.0 = Release|Any CPU
		{E8432FCE-AD43-4002-BDD4-74AAAAC64D77}.Debug|Any CPU.ActiveCfg = Debug|Any CPU
		{E8432FCE-AD43-4002-BDD4-74AAAAC64D77}.Debug|Any CPU.Build.0 = Debug|Any CPU
		{E8432FCE-AD43-4002-BDD4-74AAAAC64D77}.Release|Any CPU.ActiveCfg = Release|Any CPU
		{E8432FCE-AD43-4002-BDD4-74AAAAC64D77}.Release|Any CPU.Build.0 = Release|Any CPU
		{99B086CA-25A8-4353-A389-A401BD00C1CB}.Debug|Any CPU.ActiveCfg = Debug|Any CPU
		{99B086CA-25A8-4353-A389-A401BD00C1CB}.Debug|Any CPU.Build.0 = Debug|Any CPU
		{99B086CA-25A8-4353-A389-A401BD00C1CB}.Release|Any CPU.ActiveCfg = Release|Any CPU
		{99B086CA-25A8-4353-A389-A401BD00C1CB}.Release|Any CPU.Build.0 = Release|Any CPU
		{27EE65C8-9B61-4CEE-B3EE-B13BAD219C18}.Debug|Any CPU.ActiveCfg = Debug|Any CPU
		{27EE65C8-9B61-4CEE-B3EE-B13BAD219C18}.Debug|Any CPU.Build.0 = Debug|Any CPU
		{27EE65C8-9B61-4CEE-B3EE-B13BAD219C18}.Release|Any CPU.ActiveCfg = Release|Any CPU
		{27EE65C8-9B61-4CEE-B3EE-B13BAD219C18}.Release|Any CPU.Build.0 = Release|Any CPU
		{B5B6D76F-B445-4DBA-AC19-4B5ECF7213EF}.Debug|Any CPU.ActiveCfg = Debug|Any CPU
		{B5B6D76F-B445-4DBA-AC19-4B5ECF7213EF}.Debug|Any CPU.Build.0 = Debug|Any CPU
		{B5B6D76F-B445-4DBA-AC19-4B5ECF7213EF}.Release|Any CPU.ActiveCfg = Release|Any CPU
		{B5B6D76F-B445-4DBA-AC19-4B5ECF7213EF}.Release|Any CPU.Build.0 = Release|Any CPU
		{7E6DC760-E356-4F5F-9AA1-4344C4E3FE9E}.Debug|Any CPU.ActiveCfg = Debug|Any CPU
		{7E6DC760-E356-4F5F-9AA1-4344C4E3FE9E}.Debug|Any CPU.Build.0 = Debug|Any CPU
		{7E6DC760-E356-4F5F-9AA1-4344C4E3FE9E}.Release|Any CPU.ActiveCfg = Release|Any CPU
		{7E6DC760-E356-4F5F-9AA1-4344C4E3FE9E}.Release|Any CPU.Build.0 = Release|Any CPU
		{722D8E12-6A67-49D1-9937-065B216701D5}.Debug|Any CPU.ActiveCfg = Debug|Any CPU
		{722D8E12-6A67-49D1-9937-065B216701D5}.Debug|Any CPU.Build.0 = Debug|Any CPU
		{722D8E12-6A67-49D1-9937-065B216701D5}.Release|Any CPU.ActiveCfg = Release|Any CPU
		{722D8E12-6A67-49D1-9937-065B216701D5}.Release|Any CPU.Build.0 = Release|Any CPU
		{3396D467-8EC3-42C8-9863-9123C6F1B433}.Debug|Any CPU.ActiveCfg = Debug|Any CPU
		{3396D467-8EC3-42C8-9863-9123C6F1B433}.Debug|Any CPU.Build.0 = Debug|Any CPU
		{3396D467-8EC3-42C8-9863-9123C6F1B433}.Release|Any CPU.ActiveCfg = Release|Any CPU
		{3396D467-8EC3-42C8-9863-9123C6F1B433}.Release|Any CPU.Build.0 = Release|Any CPU
		{D256ABB1-81E4-48F3-9B80-0FC6ACD9296C}.Debug|Any CPU.ActiveCfg = Debug|Any CPU
		{D256ABB1-81E4-48F3-9B80-0FC6ACD9296C}.Debug|Any CPU.Build.0 = Debug|Any CPU
		{D256ABB1-81E4-48F3-9B80-0FC6ACD9296C}.Release|Any CPU.ActiveCfg = Release|Any CPU
		{D256ABB1-81E4-48F3-9B80-0FC6ACD9296C}.Release|Any CPU.Build.0 = Release|Any CPU
		{1E493134-6E23-4810-8E3B-D2DD39657416}.Debug|Any CPU.ActiveCfg = Debug|Any CPU
		{1E493134-6E23-4810-8E3B-D2DD39657416}.Debug|Any CPU.Build.0 = Debug|Any CPU
		{1E493134-6E23-4810-8E3B-D2DD39657416}.Release|Any CPU.ActiveCfg = Release|Any CPU
		{1E493134-6E23-4810-8E3B-D2DD39657416}.Release|Any CPU.Build.0 = Release|Any CPU
		{8C996264-7E75-490E-B94A-3A3036714658}.Debug|Any CPU.ActiveCfg = Debug|Any CPU
		{8C996264-7E75-490E-B94A-3A3036714658}.Debug|Any CPU.Build.0 = Debug|Any CPU
		{8C996264-7E75-490E-B94A-3A3036714658}.Release|Any CPU.ActiveCfg = Release|Any CPU
		{8C996264-7E75-490E-B94A-3A3036714658}.Release|Any CPU.Build.0 = Release|Any CPU
	EndGlobalSection
	GlobalSection(SolutionProperties) = preSolution
		HideSolutionNode = FALSE
	EndGlobalSection
	GlobalSection(ExtensibilityGlobals) = postSolution
		SolutionGuid = {6D008AE1-067B-41A9-B4A1-708A44711543}
	EndGlobalSection
EndGlobal
